PODS:
  - SwiftIconFont (3.0.0)

DEPENDENCIES:
  - SwiftIconFont (from `https://github.com/gmakwana/SwiftIconFont.git`)

EXTERNAL SOURCES:
  SwiftIconFont:
    :git: https://github.com/gmakwana/SwiftIconFont.git

CHECKOUT OPTIONS:
  SwiftIconFont:
    :commit: 794125e0f7c9702309fc329ddf0b5958af54343f
    :git: https://github.com/gmakwana/SwiftIconFont.git

SPEC CHECKSUMS:
  SwiftIconFont: 2ba18554a77c44948dc35b561b344e3c23834a84

PODFILE CHECKSUM: 7949c13c5aa719364b746952a6260cb6c255493a

COCOAPODS: 1.7.0.rc.1
